
Microsoft Visual Studio Solution File, Format Version 12.00
# Visual Studio Version 17
VisualStudioVersion = 17.10.35013.160
MinimumVisualStudioVersion = 10.0.40219.1
Project("{9A19103F-16F7-4668-BE54-9A1E7A4F7556}") = "TeamsMaker_IHM", "TeamsMaker_IHM\TeamsMaker_IHM.csproj", "{ABD62A31-B30C-48A0-9AB5-3FD7B1A68DA1}"
EndProject
Project("{9A19103F-16F7-4668-BE54-9A1E7A4F7556}") = "TeamsMaker_VM", "TeamsMaker_VM\TeamsMaker_VM.csproj", "{D0075CB0-1CB7-4B54-BF5E-1A624FD81159}"
EndProject
Project("{9A19103F-16F7-4668-BE54-9A1E7A4F7556}") = "TeamsMaker_METIER", "TeamsMaker_METIER\TeamsMaker_METIER.csproj", "{9E3043BE-8222-46B5-B36E-1198B195A6BF}"
EndProject
Project("{9A19103F-16F7-4668-BE54-9A1E7A4F7556}") = "TeamsMaker_Console", "TeamsMaker_Console\TeamsMaker_Console.csproj", "{E71CAE92-AA58-4486-9F9F-F909BB70E790}"
EndProject
Project("{FAE04EC0-301F-11D3-BF4B-00C04F79EFBC}") = "TeamsMaker_Generator", "TeamsMaker_Generator\TeamsMaker_Generator.csproj", "{115A73C2-94DA-4F19-8964-5250E6572989}"
EndProject
Global
	GlobalSection(SolutionConfigurationPlatforms) = preSolution
		Debug|Any CPU = Debug|Any CPU
		Release|Any CPU = Release|Any CPU
	EndGlobalSection
	GlobalSection(ProjectConfigurationPlatforms) = postSolution
		{ABD62A31-B30C-48A0-9AB5-3FD7B1A68DA1}.Debug|Any CPU.ActiveCfg = Debug|Any CPU
		{ABD62A31-B30C-48A0-9AB5-3FD7B1A68DA1}.Debug|Any CPU.Build.0 = Debug|Any CPU
		{ABD62A31-B30C-48A0-9AB5-3FD7B1A68DA1}.Release|Any CPU.ActiveCfg = Release|Any CPU
		{ABD62A31-B30C-48A0-9AB5-3FD7B1A68DA1}.Release|Any CPU.Build.0 = Release|Any CPU
		{D0075CB0-1CB7-4B54-BF5E-1A624FD81159}.Debug|Any CPU.ActiveCfg = Debug|Any CPU
		{D0075CB0-1CB7-4B54-BF5E-1A624FD81159}.Debug|Any CPU.Build.0 = Debug|Any CPU
		{D0075CB0-1CB7-4B54-BF5E-1A624FD81159}.Release|Any CPU.ActiveCfg = Release|Any CPU
		{D0075CB0-1CB7-4B54-BF5E-1A624FD81159}.Release|Any CPU.Build.0 = Release|Any CPU
		{9E3043BE-8222-46B5-B36E-1198B195A6BF}.Debug|Any CPU.ActiveCfg = Debug|Any CPU
		{9E3043BE-8222-46B5-B36E-1198B195A6BF}.Debug|Any CPU.Build.0 = Debug|Any CPU
		{9E3043BE-8222-46B5-B36E-1198B195A6BF}.Release|Any CPU.ActiveCfg = Release|Any CPU
		{9E3043BE-8222-46B5-B36E-1198B195A6BF}.Release|Any CPU.Build.0 = Release|Any CPU
		{E71CAE92-AA58-4486-9F9F-F909BB70E790}.Debug|Any CPU.ActiveCfg = Debug|Any CPU
		{E71CAE92-AA58-4486-9F9F-F909BB70E790}.Debug|Any CPU.Build.0 = Debug|Any CPU
		{E71CAE92-AA58-4486-9F9F-F909BB70E790}.Release|Any CPU.ActiveCfg = Release|Any CPU
		{E71CAE92-AA58-4486-9F9F-F909BB70E790}.Release|Any CPU.Build.0 = Release|Any CPU
		{115A73C2-94DA-4F19-8964-5250E6572989}.Debug|Any CPU.ActiveCfg = Debug|Any CPU
		{115A73C2-94DA-4F19-8964-5250E6572989}.Debug|Any CPU.Build.0 = Debug|Any CPU
		{115A73C2-94DA-4F19-8964-5250E6572989}.Release|Any CPU.ActiveCfg = Release|Any CPU
		{115A73C2-94DA-4F19-8964-5250E6572989}.Release|Any CPU.Build.0 = Release|Any CPU
	EndGlobalSection
	GlobalSection(SolutionProperties) = preSolution
		HideSolutionNode = FALSE
	EndGlobalSection
	GlobalSection(ExtensibilityGlobals) = postSolution
		SolutionGuid = {7CED0EE7-6079-4239-886F-39C0BE4945C3}
	EndGlobalSection
EndGlobal
